{
  "requires": true,
  "lockfileVersion": 1,
  "dependencies": {
    "dotenv": {
      "version": "16.4.7",
      "resolved": "http://10.184.58.24:6066/repository/npm-all/dotenv/-/dotenv-16.4.7.tgz",
      "integrity": "sha512-47qPchRCykZC03FhkYAhrvwU4xDBFIj1QPqaarj6mdM/hgUzfPHcpkHJOn3mJAufFeeAxAzeGsr5X0M4k6fLZQ=="
    }
  }
}
